// !$*UTF8*$!
{
	archiveVersion = 1;
	classes = {
	};
	objectVersion = 46;
	objects = {

/* Begin PBXBuildFile section */
		8B2916BB15D48FBB0013CAEA /* bycleme.png in Resources */ = {isa = PBXBuildFile; fileRef = 8B2916B315D48FBB0013CAEA /* bycleme.png */; };
		8B2916BC15D48FBB0013CAEA /* DSC_0029.JPG in Resources */ = {isa = PBXBuildFile; fileRef = 8B2916B415D48FBB0013CAEA /* DSC_0029.JPG */; };
		8B2916BD15D48FBB0013CAEA /* Green Apple.png in Resources */ = {isa = PBXBuildFile; fileRef = 8B2916B515D48FBB0013CAEA /* Green Apple.png */; };
		8B2916BE15D48FBB0013CAEA /* Orange.png in Resources */ = {isa = PBXBuildFile; fileRef = 8B2916B615D48FBB0013CAEA /* Orange.png */; };
		8B2916BF15D48FBB0013CAEA /* Pear.png in Resources */ = {isa = PBXBuildFile; fileRef = 8B2916B715D48FBB0013CAEA /* Pear.png */; };
		8B2916C015D48FBB0013CAEA /* Red Apple.png in Resources */ = {isa = PBXBuildFile; fileRef = 8B2916B815D48FBB0013CAEA /* Red Apple.png */; };
		8B2916C115D48FBB0013CAEA /* Strawberry.png in Resources */ = {isa = PBXBuildFile; fileRef = 8B2916B915D48FBB0013CAEA /* Strawberry.png */; };
		8B2916C215D48FBB0013CAEA /* Westlife - 01 - You Raise Me Up - 320k.mp3 in Resources */ = {isa = PBXBuildFile; fileRef = 8B2916BA15D48FBB0013CAEA /* Westlife - 01 - You Raise Me Up - 320k.mp3 */; };
		8B2916C715D492240013CAEA /* DSC_0184.png in Resources */ = {isa = PBXBuildFile; fileRef = 8B2916C315D492240013CAEA /* DSC_0184.png */; };
		8B2916C815D492240013CAEA /* DSC_0185.png in Resources */ = {isa = PBXBuildFile; fileRef = 8B2916C415D492240013CAEA /* DSC_0185.png */; };
		8B2916C915D492240013CAEA /* DSC_0186.png in Resources */ = {isa = PBXBuildFile; fileRef = 8B2916C515D492240013CAEA /* DSC_0186.png */; };
		8B2916CA15D492240013CAEA /* DSC_0187.png in Resources */ = {isa = PBXBuildFile; fileRef = 8B2916C615D492240013CAEA /* DSC_0187.png */; };
		8B2916CC15D4A4360013CAEA /* MessageUI.framework in Frameworks */ = {isa = PBXBuildFile; fileRef = 8B2916CB15D4A4360013CAEA /* MessageUI.framework */; };
		8B2916D015D4A8FC0013CAEA /* address.m in Sources */ = {isa = PBXBuildFile; fileRef = 8B2916CE15D4A8FC0013CAEA /* address.m */; };
		8B2916D115D4A8FC0013CAEA /* address.xib in Resources */ = {isa = PBXBuildFile; fileRef = 8B2916CF15D4A8FC0013CAEA /* address.xib */; };
		8B3BA71815CFB4A70087F2A8 /* icon.png in Resources */ = {isa = PBXBuildFile; fileRef = 8B3BA71715CFB4A70087F2A8 /* icon.png */; };
		8B3E049915CBC79E00C8B9AD /* UIKit.framework in Frameworks */ = {isa = PBXBuildFile; fileRef = 8B3E049815CBC79E00C8B9AD /* UIKit.framework */; };
		8B3E049B15CBC79E00C8B9AD /* Foundation.framework in Frameworks */ = {isa = PBXBuildFile; fileRef = 8B3E049A15CBC79E00C8B9AD /* Foundation.framework */; };
		8B3E049D15CBC79E00C8B9AD /* CoreGraphics.framework in Frameworks */ = {isa = PBXBuildFile; fileRef = 8B3E049C15CBC79E00C8B9AD /* CoreGraphics.framework */; };
		8B3E04A315CBC79F00C8B9AD /* InfoPlist.strings in Resources */ = {isa = PBXBuildFile; fileRef = 8B3E04A115CBC79F00C8B9AD /* InfoPlist.strings */; };
		8B3E04A515CBC79F00C8B9AD /* main.m in Sources */ = {isa = PBXBuildFile; fileRef = 8B3E04A415CBC79F00C8B9AD /* main.m */; };
		8B3E04A915CBC79F00C8B9AD /* AppDelegate.m in Sources */ = {isa = PBXBuildFile; fileRef = 8B3E04A815CBC79F00C8B9AD /* AppDelegate.m */; };
		8B3E04AC15CBC79F00C8B9AD /* MainStoryboard.storyboard in Resources */ = {isa = PBXBuildFile; fileRef = 8B3E04AA15CBC79F00C8B9AD /* MainStoryboard.storyboard */; };
		8B3E04AF15CBC79F00C8B9AD /* ViewController.m in Sources */ = {isa = PBXBuildFile; fileRef = 8B3E04AE15CBC79F00C8B9AD /* ViewController.m */; };
		8B3E04B715CBC79F00C8B9AD /* SenTestingKit.framework in Frameworks */ = {isa = PBXBuildFile; fileRef = 8B3E04B615CBC79F00C8B9AD /* SenTestingKit.framework */; };
		8B3E04B815CBC79F00C8B9AD /* UIKit.framework in Frameworks */ = {isa = PBXBuildFile; fileRef = 8B3E049815CBC79E00C8B9AD /* UIKit.framework */; };
		8B3E04B915CBC79F00C8B9AD /* Foundation.framework in Frameworks */ = {isa = PBXBuildFile; fileRef = 8B3E049A15CBC79E00C8B9AD /* Foundation.framework */; };
		8B3E04CE15CBC7C900C8B9AD /* Default.png in Resources */ = {isa = PBXBuildFile; fileRef = 8B3E04CD15CBC7C900C8B9AD /* Default.png */; };
		8B3E04D015CBC7D300C8B9AD /* AVFoundation.framework in Frameworks */ = {isa = PBXBuildFile; fileRef = 8B3E04CF15CBC7D300C8B9AD /* AVFoundation.framework */; };
		8B8A9E7B15D3831C002E5F82 /* South Korea.png in Resources */ = {isa = PBXBuildFile; fileRef = 8B8A9E7A15D3831C002E5F82 /* South Korea.png */; };
		8B8A9E7D15D38328002E5F82 /* USA.png in Resources */ = {isa = PBXBuildFile; fileRef = 8B8A9E7C15D38328002E5F82 /* USA.png */; };
		8B8A9E9515D3AF30002E5F82 /* googlemap.m in Sources */ = {isa = PBXBuildFile; fileRef = 8B8A9E9315D3AF30002E5F82 /* googlemap.m */; };
		8B8A9E9615D3AF30002E5F82 /* googlemap.xib in Resources */ = {isa = PBXBuildFile; fileRef = 8B8A9E9415D3AF30002E5F82 /* googlemap.xib */; };
		8B8A9E9915D3B1D0002E5F82 /* MapKit.framework in Frameworks */ = {isa = PBXBuildFile; fileRef = 8B8A9E9815D3B1D0002E5F82 /* MapKit.framework */; };
		8BA62B1415D0A46000C43496 /* Default@2x.png in Resources */ = {isa = PBXBuildFile; fileRef = 8BA62B1315D0A46000C43496 /* Default@2x.png */; };
		8BA646E115D0E1DC0020F45E /* AlamAdd.m in Sources */ = {isa = PBXBuildFile; fileRef = 8BA646E015D0E1DC0020F45E /* AlamAdd.m */; };
		8BB8630915D35D4C000F2BA8 /* how.m in Sources */ = {isa = PBXBuildFile; fileRef = 8BB8630715D35D4C000F2BA8 /* how.m */; };
		8BB8630A15D35D4C000F2BA8 /* how.xib in Resources */ = {isa = PBXBuildFile; fileRef = 8BB8630815D35D4C000F2BA8 /* how.xib */; };
/* End PBXBuildFile section */

/* Begin PBXContainerItemProxy section */
		8B3E04BA15CBC79F00C8B9AD /* PBXContainerItemProxy */ = {
			isa = PBXContainerItemProxy;
			containerPortal = 8B3E048B15CBC79E00C8B9AD /* Project object */;
			proxyType = 1;
			remoteGlobalIDString = 8B3E049315CBC79E00C8B9AD;
			remoteInfo = tei_test2;
		};
/* End PBXContainerItemProxy section */

/* Begin PBXFileReference section */
		8B2916B315D48FBB0013CAEA /* bycleme.png */ = {isa = PBXFileReference; lastKnownFileType = image.png; name = bycleme.png; path = Resources/bycleme.png; sourceTree = "<group>"; };
		8B2916B415D48FBB0013CAEA /* DSC_0029.JPG */ = {isa = PBXFileReference; lastKnownFileType = image.jpeg; name = DSC_0029.JPG; path = Resources/DSC_0029.JPG; sourceTree = "<group>"; };
		8B2916B515D48FBB0013CAEA /* Green Apple.png */ = {isa = PBXFileReference; lastKnownFileType = image.png; name = "Green Apple.png"; path = "Resources/Green Apple.png"; sourceTree = "<group>"; };
		8B2916B615D48FBB0013CAEA /* Orange.png */ = {isa = PBXFileReference; lastKnownFileType = image.png; name = Orange.png; path = Resources/Orange.png; sourceTree = "<group>"; };
		8B2916B715D48FBB0013CAEA /* Pear.png */ = {isa = PBXFileReference; lastKnownFileType = image.png; name = Pear.png; path = Resources/Pear.png; sourceTree = "<group>"; };
		8B2916B815D48FBB0013CAEA /* Red Apple.png */ = {isa = PBXFileReference; lastKnownFileType = image.png; name = "Red Apple.png"; path = "Resources/Red Apple.png"; sourceTree = "<group>"; };
		8B2916B915D48FBB0013CAEA /* Strawberry.png */ = {isa = PBXFileReference; lastKnownFileType = image.png; name = Strawberry.png; path = Resources/Strawberry.png; sourceTree = "<group>"; };
		8B2916BA15D48FBB0013CAEA /* Westlife - 01 - You Raise Me Up - 320k.mp3 */ = {isa = PBXFileReference; lastKnownFileType = audio.mp3; name = "Westlife - 01 - You Raise Me Up - 320k.mp3"; path = "Resources/Westlife - 01 - You Raise Me Up - 320k.mp3"; sourceTree = "<group>"; };
		8B2916C315D492240013CAEA /* DSC_0184.png */ = {isa = PBXFileReference; explicitFileType = image.png; name = DSC_0184.png; path = Resources/DSC_0184.png; sourceTree = "<group>"; };
		8B2916C415D492240013CAEA /* DSC_0185.png */ = {isa = PBXFileReference; explicitFileType = image.png; name = DSC_0185.png; path = Resources/DSC_0185.png; sourceTree = "<group>"; };
		8B2916C515D492240013CAEA /* DSC_0186.png */ = {isa = PBXFileReference; explicitFileType = image.png; name = DSC_0186.png; path = Resources/DSC_0186.png; sourceTree = "<group>"; };
		8B2916C615D492240013CAEA /* DSC_0187.png */ = {isa = PBXFileReference; explicitFileType = image.png; name = DSC_0187.png; path = Resources/DSC_0187.png; sourceTree = "<group>"; };
		8B2916CB15D4A4360013CAEA /* MessageUI.framework */ = {isa = PBXFileReference; lastKnownFileType = wrapper.framework; name = MessageUI.framework; path = System/Library/Frameworks/MessageUI.framework; sourceTree = SDKROOT; };
		8B2916CD15D4A8FC0013CAEA /* address.h */ = {isa = PBXFileReference; fileEncoding = 4; lastKnownFileType = sourcecode.c.h; path = address.h; sourceTree = "<group>"; };
		8B2916CE15D4A8FC0013CAEA /* address.m */ = {isa = PBXFileReference; fileEncoding = 4; lastKnownFileType = sourcecode.c.objc; path = address.m; sourceTree = "<group>"; };
		8B2916CF15D4A8FC0013CAEA /* address.xib */ = {isa = PBXFileReference; fileEncoding = 4; lastKnownFileType = file.xib; path = address.xib; sourceTree = "<group>"; };
		8B3BA71715CFB4A70087F2A8 /* icon.png */ = {isa = PBXFileReference; lastKnownFileType = image.png; path = icon.png; sourceTree = "<group>"; };
		8B3E049415CBC79E00C8B9AD /* tei_test2.app */ = {isa = PBXFileReference; explicitFileType = wrapper.application; includeInIndex = 0; path = tei_test2.app; sourceTree = BUILT_PRODUCTS_DIR; };
		8B3E049815CBC79E00C8B9AD /* UIKit.framework */ = {isa = PBXFileReference; lastKnownFileType = wrapper.framework; name = UIKit.framework; path = System/Library/Frameworks/UIKit.framework; sourceTree = SDKROOT; };
		8B3E049A15CBC79E00C8B9AD /* Foundation.framework */ = {isa = PBXFileReference; lastKnownFileType = wrapper.framework; name = Foundation.framework; path = System/Library/Frameworks/Foundation.framework; sourceTree = SDKROOT; };
		8B3E049C15CBC79E00C8B9AD /* CoreGraphics.framework */ = {isa = PBXFileReference; lastKnownFileType = wrapper.framework; name = CoreGraphics.framework; path = System/Library/Frameworks/CoreGraphics.framework; sourceTree = SDKROOT; };
		8B3E04A015CBC79F00C8B9AD /* tei_test2-Info.plist */ = {isa = PBXFileReference; lastKnownFileType = text.plist.xml; path = "tei_test2-Info.plist"; sourceTree = "<group>"; };
		8B3E04A215CBC79F00C8B9AD /* en */ = {isa = PBXFileReference; lastKnownFileType = text.plist.strings; name = en; path = en.lproj/InfoPlist.strings; sourceTree = "<group>"; };
		8B3E04A415CBC79F00C8B9AD /* main.m */ = {isa = PBXFileReference; lastKnownFileType = sourcecode.c.objc; path = main.m; sourceTree = "<group>"; };
		8B3E04A615CBC79F00C8B9AD /* tei_test2-Prefix.pch */ = {isa = PBXFileReference; lastKnownFileType = sourcecode.c.h; path = "tei_test2-Prefix.pch"; sourceTree = "<group>"; };
		8B3E04A715CBC79F00C8B9AD /* AppDelegate.h */ = {isa = PBXFileReference; lastKnownFileType = sourcecode.c.h; path = AppDelegate.h; sourceTree = "<group>"; };
		8B3E04A815CBC79F00C8B9AD /* AppDelegate.m */ = {isa = PBXFileReference; lastKnownFileType = sourcecode.c.objc; path = AppDelegate.m; sourceTree = "<group>"; };
		8B3E04AB15CBC79F00C8B9AD /* en */ = {isa = PBXFileReference; lastKnownFileType = file.storyboard; name = en; path = en.lproj/MainStoryboard.storyboard; sourceTree = "<group>"; };
		8B3E04AD15CBC79F00C8B9AD /* ViewController.h */ = {isa = PBXFileReference; lastKnownFileType = sourcecode.c.h; path = ViewController.h; sourceTree = "<group>"; };
		8B3E04AE15CBC79F00C8B9AD /* ViewController.m */ = {isa = PBXFileReference; lastKnownFileType = sourcecode.c.objc; path = ViewController.m; sourceTree = "<group>"; };
		8B3E04B515CBC79F00C8B9AD /* tei_test2Tests.octest */ = {isa = PBXFileReference; explicitFileType = wrapper.cfbundle; includeInIndex = 0; path = tei_test2Tests.octest; sourceTree = BUILT_PRODUCTS_DIR; };
		8B3E04B615CBC79F00C8B9AD /* SenTestingKit.framework */ = {isa = PBXFileReference; lastKnownFileType = wrapper.framework; name = SenTestingKit.framework; path = Library/Frameworks/SenTestingKit.framework; sourceTree = DEVELOPER_DIR; };
		8B3E04CD15CBC7C900C8B9AD /* Default.png */ = {isa = PBXFileReference; lastKnownFileType = image.png; path = Default.png; sourceTree = "<group>"; };
		8B3E04CF15CBC7D300C8B9AD /* AVFoundation.framework */ = {isa = PBXFileReference; lastKnownFileType = wrapper.framework; name = AVFoundation.framework; path = System/Library/Frameworks/AVFoundation.framework; sourceTree = SDKROOT; };
		8B8A9E7A15D3831C002E5F82 /* South Korea.png */ = {isa = PBXFileReference; lastKnownFileType = image.png; name = "South Korea.png"; path = "/Library/Application Support/Apple/iChat Icons/Flags/South Korea.png"; sourceTree = "<absolute>"; };
		8B8A9E7C15D38328002E5F82 /* USA.png */ = {isa = PBXFileReference; lastKnownFileType = image.png; name = USA.png; path = "/Library/Application Support/Apple/iChat Icons/Flags/USA.png"; sourceTree = "<absolute>"; };
		8B8A9E9215D3AF30002E5F82 /* googlemap.h */ = {isa = PBXFileReference; fileEncoding = 4; lastKnownFileType = sourcecode.c.h; path = googlemap.h; sourceTree = "<group>"; };
		8B8A9E9315D3AF30002E5F82 /* googlemap.m */ = {isa = PBXFileReference; fileEncoding = 4; lastKnownFileType = sourcecode.c.objc; path = googlemap.m; sourceTree = "<group>"; };
		8B8A9E9415D3AF30002E5F82 /* googlemap.xib */ = {isa = PBXFileReference; fileEncoding = 4; lastKnownFileType = file.xib; path = googlemap.xib; sourceTree = "<group>"; };
		8B8A9E9815D3B1D0002E5F82 /* MapKit.framework */ = {isa = PBXFileReference; lastKnownFileType = wrapper.framework; name = MapKit.framework; path = System/Library/Frameworks/MapKit.framework; sourceTree = SDKROOT; };
		8BA62B1315D0A46000C43496 /* Default@2x.png */ = {isa = PBXFileReference; lastKnownFileType = image.png; path = "Default@2x.png"; sourceTree = "<group>"; };
		8BA646DF15D0E1DC0020F45E /* AlamAdd.h */ = {isa = PBXFileReference; fileEncoding = 4; lastKnownFileType = sourcecode.c.h; name = AlamAdd.h; path = ../AlamAdd.h; sourceTree = "<group>"; };
		8BA646E015D0E1DC0020F45E /* AlamAdd.m */ = {isa = PBXFileReference; fileEncoding = 4; lastKnownFileType = sourcecode.c.objc; name = AlamAdd.m; path = ../AlamAdd.m; sourceTree = "<group>"; };
		8BB8630615D35D4C000F2BA8 /* how.h */ = {isa = PBXFileReference; fileEncoding = 4; lastKnownFileType = sourcecode.c.h; path = how.h; sourceTree = "<group>"; };
		8BB8630715D35D4C000F2BA8 /* how.m */ = {isa = PBXFileReference; fileEncoding = 4; lastKnownFileType = sourcecode.c.objc; path = how.m; sourceTree = "<group>"; };
		8BB8630815D35D4C000F2BA8 /* how.xib */ = {isa = PBXFileReference; fileEncoding = 4; lastKnownFileType = file.xib; path = how.xib; sourceTree = "<group>"; };
/* End PBXFileReference section */

/* Begin PBXFrameworksBuildPhase section */
		8B3E049115CBC79E00C8B9AD /* Frameworks */ = {
			isa = PBXFrameworksBuildPhase;
			buildActionMask = 2147483647;
			files = (
				8B2916CC15D4A4360013CAEA /* MessageUI.framework in Frameworks */,
				8B8A9E9915D3B1D0002E5F82 /* MapKit.framework in Frameworks */,
				8B3E04D015CBC7D300C8B9AD /* AVFoundation.framework in Frameworks */,
				8B3E049915CBC79E00C8B9AD /* UIKit.framework in Frameworks */,
				8B3E049B15CBC79E00C8B9AD /* Foundation.framework in Frameworks */,
				8B3E049D15CBC79E00C8B9AD /* CoreGraphics.framework in Frameworks */,
			);
			runOnlyForDeploymentPostprocessing = 0;
		};
		8B3E04B115CBC79F00C8B9AD /* Frameworks */ = {
			isa = PBXFrameworksBuildPhase;
			buildActionMask = 2147483647;
			files = (
				8B3E04B715CBC79F00C8B9AD /* SenTestingKit.framework in Frameworks */,
				8B3E04B815CBC79F00C8B9AD /* UIKit.framework in Frameworks */,
				8B3E04B915CBC79F00C8B9AD /* Foundation.framework in Frameworks */,
			);
			runOnlyForDeploymentPostprocessing = 0;
		};
/* End PBXFrameworksBuildPhase section */

/* Begin PBXGroup section */
		8B3E048915CBC79E00C8B9AD = {
			isa = PBXGroup;
			children = (
				8B2916CB15D4A4360013CAEA /* MessageUI.framework */,
				8B8A9E9715D3B18B002E5F82 /* Resources */,
				8B3E049E15CBC79E00C8B9AD /* tei_test2 */,
				8B3E049715CBC79E00C8B9AD /* Frameworks */,
				8B3E049515CBC79E00C8B9AD /* Products */,
			);
			sourceTree = "<group>";
		};
		8B3E049515CBC79E00C8B9AD /* Products */ = {
			isa = PBXGroup;
			children = (
				8B3E049415CBC79E00C8B9AD /* tei_test2.app */,
				8B3E04B515CBC79F00C8B9AD /* tei_test2Tests.octest */,
			);
			name = Products;
			sourceTree = "<group>";
		};
		8B3E049715CBC79E00C8B9AD /* Frameworks */ = {
			isa = PBXGroup;
			children = (
				8B8A9E9815D3B1D0002E5F82 /* MapKit.framework */,
				8B3E04CF15CBC7D300C8B9AD /* AVFoundation.framework */,
				8B3E049815CBC79E00C8B9AD /* UIKit.framework */,
				8B3E049A15CBC79E00C8B9AD /* Foundation.framework */,
				8B3E049C15CBC79E00C8B9AD /* CoreGraphics.framework */,
				8B3E04B615CBC79F00C8B9AD /* SenTestingKit.framework */,
			);
			name = Frameworks;
			sourceTree = "<group>";
		};
		8B3E049E15CBC79E00C8B9AD /* tei_test2 */ = {
			isa = PBXGroup;
			children = (
				8BA646DF15D0E1DC0020F45E /* AlamAdd.h */,
				8BA646E015D0E1DC0020F45E /* AlamAdd.m */,
				8BB8630615D35D4C000F2BA8 /* how.h */,
				8BB8630715D35D4C000F2BA8 /* how.m */,
				8BB8630815D35D4C000F2BA8 /* how.xib */,
				8B3E04A715CBC79F00C8B9AD /* AppDelegate.h */,
				8B3E04A815CBC79F00C8B9AD /* AppDelegate.m */,
				8B3E04AA15CBC79F00C8B9AD /* MainStoryboard.storyboard */,
				8B3E04AD15CBC79F00C8B9AD /* ViewController.h */,
				8B3E04AE15CBC79F00C8B9AD /* ViewController.m */,
				8B8A9E9215D3AF30002E5F82 /* googlemap.h */,
				8B8A9E9315D3AF30002E5F82 /* googlemap.m */,
				8B8A9E9415D3AF30002E5F82 /* googlemap.xib */,
				8B3E049F15CBC79F00C8B9AD /* Supporting Files */,
				8B2916CD15D4A8FC0013CAEA /* address.h */,
				8B2916CE15D4A8FC0013CAEA /* address.m */,
				8B2916CF15D4A8FC0013CAEA /* address.xib */,
			);
			path = tei_test2;
			sourceTree = "<group>";
		};
		8B3E049F15CBC79F00C8B9AD /* Supporting Files */ = {
			isa = PBXGroup;
			children = (
				8B3E04A015CBC79F00C8B9AD /* tei_test2-Info.plist */,
				8B3E04A115CBC79F00C8B9AD /* InfoPlist.strings */,
				8B3E04A415CBC79F00C8B9AD /* main.m */,
				8B3E04A615CBC79F00C8B9AD /* tei_test2-Prefix.pch */,
			);
			name = "Supporting Files";
			sourceTree = "<group>";
		};
		8B8A9E9715D3B18B002E5F82 /* Resources */ = {
			isa = PBXGroup;
			children = (
				8B2916B315D48FBB0013CAEA /* bycleme.png */,
				8B2916B415D48FBB0013CAEA /* DSC_0029.JPG */,
				8B2916B515D48FBB0013CAEA /* Green Apple.png */,
				8B2916B615D48FBB0013CAEA /* Orange.png */,
				8B2916B715D48FBB0013CAEA /* Pear.png */,
				8B2916B815D48FBB0013CAEA /* Red Apple.png */,
				8B2916B915D48FBB0013CAEA /* Strawberry.png */,
				8B2916BA15D48FBB0013CAEA /* Westlife - 01 - You Raise Me Up - 320k.mp3 */,
				8BA62B1315D0A46000C43496 /* Default@2x.png */,
				8B8A9E7A15D3831C002E5F82 /* South Korea.png */,
				8B8A9E7C15D38328002E5F82 /* USA.png */,
				8B2916C315D492240013CAEA /* DSC_0184.png */,
				8B2916C415D492240013CAEA /* DSC_0185.png */,
				8B2916C515D492240013CAEA /* DSC_0186.png */,
				8B2916C615D492240013CAEA /* DSC_0187.png */,
				8B3BA71715CFB4A70087F2A8 /* icon.png */,
				8B3E04CD15CBC7C900C8B9AD /* Default.png */,
			);
			name = Resources;
			sourceTree = "<group>";
		};
/* End PBXGroup section */

/* Begin PBXNativeTarget section */
		8B3E049315CBC79E00C8B9AD /* tei_test2 */ = {
			isa = PBXNativeTarget;
			buildConfigurationList = 8B3E04C715CBC79F00C8B9AD /* Build configuration list for PBXNativeTarget "tei_test2" */;
			buildPhases = (
				8B3E049015CBC79E00C8B9AD /* Sources */,
				8B3E049115CBC79E00C8B9AD /* Frameworks */,
				8B3E049215CBC79E00C8B9AD /* Resources */,
			);
			buildRules = (
			);
			dependencies = (
			);
			name = tei_test2;
			productName = tei_test2;
			productReference = 8B3E049415CBC79E00C8B9AD /* tei_test2.app */;
			productType = "com.apple.product-type.application";
		};
		8B3E04B415CBC79F00C8B9AD /* tei_test2Tests */ = {
			isa = PBXNativeTarget;
			buildConfigurationList = 8B3E04CA15CBC79F00C8B9AD /* Build configuration list for PBXNativeTarget "tei_test2Tests" */;
			buildPhases = (
				8B3E04B015CBC79F00C8B9AD /* Sources */,
				8B3E04B115CBC79F00C8B9AD /* Frameworks */,
				8B3E04B215CBC79F00C8B9AD /* Resources */,
				8B3E04B315CBC79F00C8B9AD /* ShellScript */,
			);
			buildRules = (
			);
			dependencies = (
				8B3E04BB15CBC79F00C8B9AD /* PBXTargetDependency */,
			);
			name = tei_test2Tests;
			productName = tei_test2Tests;
			productReference = 8B3E04B515CBC79F00C8B9AD /* tei_test2Tests.octest */;
			productType = "com.apple.product-type.bundle";
		};
/* End PBXNativeTarget section */

/* Begin PBXProject section */
		8B3E048B15CBC79E00C8B9AD /* Project object */ = {
			isa = PBXProject;
			attributes = {
				LastUpgradeCheck = 0440;
				ORGANIZATIONNAME = akaon;
			};
			buildConfigurationList = 8B3E048E15CBC79E00C8B9AD /* Build configuration list for PBXProject "tei_test2" */;
			compatibilityVersion = "Xcode 3.2";
			developmentRegion = English;
			hasScannedForEncodings = 0;
			knownRegions = (
				en,
			);
			mainGroup = 8B3E048915CBC79E00C8B9AD;
			productRefGroup = 8B3E049515CBC79E00C8B9AD /* Products */;
			projectDirPath = "";
			projectRoot = "";
			targets = (
				8B3E049315CBC79E00C8B9AD /* tei_test2 */,
				8B3E04B415CBC79F00C8B9AD /* tei_test2Tests */,
			);
		};
/* End PBXProject section */

/* Begin PBXResourcesBuildPhase section */
		8B3E049215CBC79E00C8B9AD /* Resources */ = {
			isa = PBXResourcesBuildPhase;
			buildActionMask = 2147483647;
			files = (
				8B3E04A315CBC79F00C8B9AD /* InfoPlist.strings in Resources */,
				8B3E04AC15CBC79F00C8B9AD /* MainStoryboard.storyboard in Resources */,
				8B3E04CE15CBC7C900C8B9AD /* Default.png in Resources */,
				8B3BA71815CFB4A70087F2A8 /* icon.png in Resources */,
				8BA62B1415D0A46000C43496 /* Default@2x.png in Resources */,
				8BB8630A15D35D4C000F2BA8 /* how.xib in Resources */,
				8B8A9E7B15D3831C002E5F82 /* South Korea.png in Resources */,
				8B8A9E7D15D38328002E5F82 /* USA.png in Resources */,
				8B8A9E9615D3AF30002E5F82 /* googlemap.xib in Resources */,
				8B2916BB15D48FBB0013CAEA /* bycleme.png in Resources */,
				8B2916BC15D48FBB0013CAEA /* DSC_0029.JPG in Resources */,
				8B2916BD15D48FBB0013CAEA /* Green Apple.png in Resources */,
				8B2916BE15D48FBB0013CAEA /* Orange.png in Resources */,
				8B2916BF15D48FBB0013CAEA /* Pear.png in Resources */,
				8B2916C015D48FBB0013CAEA /* Red Apple.png in Resources */,
				8B2916C115D48FBB0013CAEA /* Strawberry.png in Resources */,
				8B2916C215D48FBB0013CAEA /* Westlife - 01 - You Raise Me Up - 320k.mp3 in Resources */,
				8B2916C715D492240013CAEA /* DSC_0184.png in Resources */,
				8B2916C815D492240013CAEA /* DSC_0185.png in Resources */,
				8B2916C915D492240013CAEA /* DSC_0186.png in Resources */,
				8B2916CA15D492240013CAEA /* DSC_0187.png in Resources */,
				8B2916D115D4A8FC0013CAEA /* address.xib in Resources */,
			);
			runOnlyForDeploymentPostprocessing = 0;
		};
		8B3E04B215CBC79F00C8B9AD /* Resources */ = {
			isa = PBXResourcesBuildPhase;
			buildActionMask = 2147483647;
			files = (
			);
			runOnlyForDeploymentPostprocessing = 0;
		};
/* End PBXResourcesBuildPhase section */

/* Begin PBXShellScriptBuildPhase section */
		8B3E04B315CBC79F00C8B9AD /* ShellScript */ = {
			isa = PBXShellScriptBuildPhase;
			buildActionMask = 2147483647;
			files = (
			);
			inputPaths = (
			);
			outputPaths = (
			);
			runOnlyForDeploymentPostprocessing = 0;
			shellPath = /bin/sh;
			shellScript = "# Run the unit tests in this test bundle.\n\"${SYSTEM_DEVELOPER_DIR}/Tools/RunUnitTests\"\n";
		};
/* End PBXShellScriptBuildPhase section */

/* Begin PBXSourcesBuildPhase section */
		8B3E049015CBC79E00C8B9AD /* Sources */ = {
			isa = PBXSourcesBuildPhase;
			buildActionMask = 2147483647;
			files = (
				8B3E04A515CBC79F00C8B9AD /* main.m in Sources */,
				8B3E04A915CBC79F00C8B9AD /* AppDelegate.m in Sources */,
				8B3E04AF15CBC79F00C8B9AD /* ViewController.m in Sources */,
				8BA646E115D0E1DC0020F45E /* AlamAdd.m in Sources */,
				8BB8630915D35D4C000F2BA8 /* how.m in Sources */,
				8B8A9E9515D3AF30002E5F82 /* googlemap.m in Sources */,
				8B2916D015D4A8FC0013CAEA /* address.m in Sources */,
			);
			runOnlyForDeploymentPostprocessing = 0;
		};
		8B3E04B015CBC79F00C8B9AD /* Sources */ = {
			isa = PBXSourcesBuildPhase;
			buildActionMask = 2147483647;
			files = (
			);
			runOnlyForDeploymentPostprocessing = 0;
		};
/* End PBXSourcesBuildPhase section */

/* Begin PBXTargetDependency section */
		8B3E04BB15CBC79F00C8B9AD /* PBXTargetDependency */ = {
			isa = PBXTargetDependency;
			target = 8B3E049315CBC79E00C8B9AD /* tei_test2 */;
			targetProxy = 8B3E04BA15CBC79F00C8B9AD /* PBXContainerItemProxy */;
		};
/* End PBXTargetDependency section */

/* Begin PBXVariantGroup section */
		8B3E04A115CBC79F00C8B9AD /* InfoPlist.strings */ = {
			isa = PBXVariantGroup;
			children = (
				8B3E04A215CBC79F00C8B9AD /* en */,
			);
			name = InfoPlist.strings;
			sourceTree = "<group>";
		};
		8B3E04AA15CBC79F00C8B9AD /* MainStoryboard.storyboard */ = {
			isa = PBXVariantGroup;
			children = (
				8B3E04AB15CBC79F00C8B9AD /* en */,
			);
			name = MainStoryboard.storyboard;
			sourceTree = "<group>";
		};
/* End PBXVariantGroup section */

/* Begin XCBuildConfiguration section */
		8B3E04C515CBC79F00C8B9AD /* Debug */ = {
			isa = XCBuildConfiguration;
			buildSettings = {
				ALWAYS_SEARCH_USER_PATHS = NO;
				ARCHS = "$(ARCHS_STANDARD_32_BIT)";
				CLANG_CXX_LANGUAGE_STANDARD = "gnu++0x";
				CLANG_ENABLE_OBJC_ARC = YES;
				CLANG_WARN__DUPLICATE_METHOD_MATCH = YES;
				CODE_SIGN_IDENTITY = "";
				"CODE_SIGN_IDENTITY[sdk=iphoneos*]" = "iPhone Developer";
				COPY_PHASE_STRIP = NO;
				GCC_C_LANGUAGE_STANDARD = gnu99;
				GCC_DYNAMIC_NO_PIC = NO;
				GCC_OPTIMIZATION_LEVEL = 0;
				GCC_PREPROCESSOR_DEFINITIONS = (
					"DEBUG=1",
					"$(inherited)",
				);
				GCC_SYMBOLS_PRIVATE_EXTERN = NO;
				GCC_VERSION = com.apple.compilers.llvm.clang.1_0;
				GCC_WARN_ABOUT_RETURN_TYPE = YES;
				GCC_WARN_UNINITIALIZED_AUTOS = YES;
				GCC_WARN_UNUSED_VARIABLE = YES;
				IPHONEOS_DEPLOYMENT_TARGET = 5.0;
				"PROVISIONING_PROFILE[sdk=iphoneos*]" = "";
				SDKROOT = iphoneos;
			};
			name = Debug;
		};
		8B3E04C615CBC79F00C8B9AD /* Release */ = {
			isa = XCBuildConfiguration;
			buildSettings = {
				ALWAYS_SEARCH_USER_PATHS = NO;
				ARCHS = "$(ARCHS_STANDARD_32_BIT)";
				CLANG_CXX_LANGUAGE_STANDARD = "gnu++0x";
				CLANG_ENABLE_OBJC_ARC = YES;
				CLANG_WARN__DUPLICATE_METHOD_MATCH = YES;
				CODE_SIGN_IDENTITY = "";
				"CODE_SIGN_IDENTITY[sdk=iphoneos*]" = "iPhone Developer";
				COPY_PHASE_STRIP = YES;
				GCC_C_LANGUAGE_STANDARD = gnu99;
				GCC_VERSION = com.apple.compilers.llvm.clang.1_0;
				GCC_WARN_ABOUT_RETURN_TYPE = YES;
				GCC_WARN_UNINITIALIZED_AUTOS = YES;
				GCC_WARN_UNUSED_VARIABLE = YES;
				IPHONEOS_DEPLOYMENT_TARGET = 5.0;
				OTHER_CFLAGS = "-DNS_BLOCK_ASSERTIONS=1";
				"PROVISIONING_PROFILE[sdk=iphoneos*]" = "";
				SDKROOT = iphoneos;
				VALIDATE_PRODUCT = YES;
			};
			name = Release;
		};
		8B3E04C815CBC79F00C8B9AD /* Debug */ = {
			isa = XCBuildConfiguration;
			buildSettings = {
				"CODE_SIGN_IDENTITY[sdk=iphoneos*]" = "iPhone Developer: JeongGwan Lee (HPYZ6SS7C2)";
				GCC_PRECOMPILE_PREFIX_HEADER = YES;
				GCC_PREFIX_HEADER = "tei_test2/tei_test2-Prefix.pch";
				INFOPLIST_FILE = "tei_test2/tei_test2-Info.plist";
				IPHONEOS_DEPLOYMENT_TARGET = 5.0;
				PRODUCT_NAME = "$(TARGET_NAME)";
				"PROVISIONING_PROFILE[sdk=iphoneos*]" = "DD244205-E03E-49DF-8D24-A70A654E8886";
				WRAPPER_EXTENSION = app;
			};
			name = Debug;
		};
		8B3E04C915CBC79F00C8B9AD /* Release */ = {
			isa = XCBuildConfiguration;
			buildSettings = {
				CODE_SIGN_IDENTITY = "";
				"CODE_SIGN_IDENTITY[sdk=iphoneos*]" = "iPhone Distribution: JeongGwan Lee";
				GCC_PRECOMPILE_PREFIX_HEADER = YES;
				GCC_PREFIX_HEADER = "tei_test2/tei_test2-Prefix.pch";
				INFOPLIST_FILE = "tei_test2/tei_test2-Info.plist";
				IPHONEOS_DEPLOYMENT_TARGET = 5.0;
				PRODUCT_NAME = "$(TARGET_NAME)";
				"PROVISIONING_PROFILE[sdk=iphoneos*]" = "FFC30E69-53DC-4679-8794-F28A956439BE";
				WRAPPER_EXTENSION = app;
			};
			name = Release;
		};
		8B3E04CB15CBC79F00C8B9AD /* Debug */ = {
			isa = XCBuildConfiguration;
			buildSettings = {
				BUNDLE_LOADER = "$(BUILT_PRODUCTS_DIR)/tei_test2.app/tei_test2";
				FRAMEWORK_SEARCH_PATHS = (
					"\"$(SDKROOT)/Developer/Library/Frameworks\"",
					"\"$(DEVELOPER_LIBRARY_DIR)/Frameworks\"",
				);
				GCC_PRECOMPILE_PREFIX_HEADER = YES;
				GCC_PREFIX_HEADER = "tei_test2/tei_test2-Prefix.pch";
				INFOPLIST_FILE = "tei_test2Tests/tei_test2Tests-Info.plist";
				PRODUCT_NAME = "$(TARGET_NAME)";
				TEST_HOST = "$(BUNDLE_LOADER)";
				WRAPPER_EXTENSION = octest;
			};
			name = Debug;
		};
		8B3E04CC15CBC79F00C8B9AD /* Release */ = {
			isa = XCBuildConfiguration;
			buildSettings = {
				BUNDLE_LOADER = "$(BUILT_PRODUCTS_DIR)/tei_test2.app/tei_test2";
				FRAMEWORK_SEARCH_PATHS = (
					"\"$(SDKROOT)/Developer/Library/Frameworks\"",
					"\"$(DEVELOPER_LIBRARY_DIR)/Frameworks\"",
				);
				GCC_PRECOMPILE_PREFIX_HEADER = YES;
				GCC_PREFIX_HEADER = "tei_test2/tei_test2-Prefix.pch";
				INFOPLIST_FILE = "tei_test2Tests/tei_test2Tests-Info.plist";
				PRODUCT_NAME = "$(TARGET_NAME)";
				TEST_HOST = "$(BUNDLE_LOADER)";
				WRAPPER_EXTENSION = octest;
			};
			name = Release;
		};
		8BE4E78815D0B03900A0CACC /* Distribution */ = {
			isa = XCBuildConfiguration;
			buildSettings = {
				ALWAYS_SEARCH_USER_PATHS = NO;
				ARCHS = "$(ARCHS_STANDARD_32_BIT)";
				CLANG_CXX_LANGUAGE_STANDARD = "gnu++0x";
				CLANG_ENABLE_OBJC_ARC = YES;
				CLANG_WARN__DUPLICATE_METHOD_MATCH = YES;
				CODE_SIGN_IDENTITY = "";
				"CODE_SIGN_IDENTITY[sdk=iphoneos*]" = "iPhone Developer";
				COPY_PHASE_STRIP = YES;
				GCC_C_LANGUAGE_STANDARD = gnu99;
				GCC_VERSION = com.apple.compilers.llvm.clang.1_0;
				GCC_WARN_ABOUT_RETURN_TYPE = YES;
				GCC_WARN_UNINITIALIZED_AUTOS = YES;
				GCC_WARN_UNUSED_VARIABLE = YES;
				IPHONEOS_DEPLOYMENT_TARGET = 5.0;
				OTHER_CFLAGS = "-DNS_BLOCK_ASSERTIONS=1";
				"PROVISIONING_PROFILE[sdk=iphoneos*]" = "";
				SDKROOT = iphoneos;
				VALIDATE_PRODUCT = YES;
			};
			name = Distribution;
		};
		8BE4E78915D0B03900A0CACC /* Distribution */ = {
			isa = XCBuildConfiguration;
			buildSettings = {
				CODE_SIGN_IDENTITY = "";
				"CODE_SIGN_IDENTITY[sdk=iphoneos*]" = "iPhone Distribution: JeongGwan Lee";
				GCC_PRECOMPILE_PREFIX_HEADER = YES;
				GCC_PREFIX_HEADER = "tei_test2/tei_test2-Prefix.pch";
				INFOPLIST_FILE = "tei_test2/tei_test2-Info.plist";
				IPHONEOS_DEPLOYMENT_TARGET = 5.0;
				PRODUCT_NAME = "$(TARGET_NAME)";
				"PROVISIONING_PROFILE[sdk=iphoneos*]" = "FFC30E69-53DC-4679-8794-F28A956439BE";
				WRAPPER_EXTENSION = app;
			};
			name = Distribution;
		};
		8BE4E78A15D0B03900A0CACC /* Distribution */ = {
			isa = XCBuildConfiguration;
			buildSettings = {
				BUNDLE_LOADER = "$(BUILT_PRODUCTS_DIR)/tei_test2.app/tei_test2";
				FRAMEWORK_SEARCH_PATHS = (
					"\"$(SDKROOT)/Developer/Library/Frameworks\"",
					"\"$(DEVELOPER_LIBRARY_DIR)/Frameworks\"",
				);
				GCC_PRECOMPILE_PREFIX_HEADER = YES;
				GCC_PREFIX_HEADER = "tei_test2/tei_test2-Prefix.pch";
				INFOPLIST_FILE = "tei_test2Tests/tei_test2Tests-Info.plist";
				PRODUCT_NAME = "$(TARGET_NAME)";
				TEST_HOST = "$(BUNDLE_LOADER)";
				WRAPPER_EXTENSION = octest;
			};
			name = Distribution;
		};
		8BE4E78B15D0B06100A0CACC /* AdHoc */ = {
			isa = XCBuildConfiguration;
			buildSettings = {
				ALWAYS_SEARCH_USER_PATHS = NO;
				ARCHS = "$(ARCHS_STANDARD_32_BIT)";
				CLANG_CXX_LANGUAGE_STANDARD = "gnu++0x";
				CLANG_ENABLE_OBJC_ARC = YES;
				CLANG_WARN__DUPLICATE_METHOD_MATCH = YES;
				CODE_SIGN_IDENTITY = "";
				"CODE_SIGN_IDENTITY[sdk=iphoneos*]" = "iPhone Developer";
				COPY_PHASE_STRIP = YES;
				GCC_C_LANGUAGE_STANDARD = gnu99;
				GCC_VERSION = com.apple.compilers.llvm.clang.1_0;
				GCC_WARN_ABOUT_RETURN_TYPE = YES;
				GCC_WARN_UNINITIALIZED_AUTOS = YES;
				GCC_WARN_UNUSED_VARIABLE = YES;
				IPHONEOS_DEPLOYMENT_TARGET = 5.0;
				OTHER_CFLAGS = "-DNS_BLOCK_ASSERTIONS=1";
				"PROVISIONING_PROFILE[sdk=iphoneos*]" = "";
				SDKROOT = iphoneos;
				VALIDATE_PRODUCT = YES;
			};
			name = AdHoc;
		};
		8BE4E78C15D0B06100A0CACC /* AdHoc */ = {
			isa = XCBuildConfiguration;
			buildSettings = {
				CODE_SIGN_IDENTITY = "";
				"CODE_SIGN_IDENTITY[sdk=iphoneos*]" = "iPhone Developer: JeongGwan Lee (HPYZ6SS7C2)";
				GCC_PRECOMPILE_PREFIX_HEADER = YES;
				GCC_PREFIX_HEADER = "tei_test2/tei_test2-Prefix.pch";
				INFOPLIST_FILE = "tei_test2/tei_test2-Info.plist";
				IPHONEOS_DEPLOYMENT_TARGET = 5.0;
				PRODUCT_NAME = "$(TARGET_NAME)";
				"PROVISIONING_PROFILE[sdk=iphoneos*]" = "DD244205-E03E-49DF-8D24-A70A654E8886";
				WRAPPER_EXTENSION = app;
			};
			name = AdHoc;
		};
		8BE4E78D15D0B06100A0CACC /* AdHoc */ = {
			isa = XCBuildConfiguration;
			buildSettings = {
				BUNDLE_LOADER = "$(BUILT_PRODUCTS_DIR)/tei_test2.app/tei_test2";
				FRAMEWORK_SEARCH_PATHS = (
					"\"$(SDKROOT)/Developer/Library/Frameworks\"",
					"\"$(DEVELOPER_LIBRARY_DIR)/Frameworks\"",
				);
				GCC_PRECOMPILE_PREFIX_HEADER = YES;
				GCC_PREFIX_HEADER = "tei_test2/tei_test2-Prefix.pch";
				INFOPLIST_FILE = "tei_test2Tests/tei_test2Tests-Info.plist";
				PRODUCT_NAME = "$(TARGET_NAME)";
				TEST_HOST = "$(BUNDLE_LOADER)";
				WRAPPER_EXTENSION = octest;
			};
			name = AdHoc;
		};
/* End XCBuildConfiguration section */

/* Begin XCConfigurationList section */
		8B3E048E15CBC79E00C8B9AD /* Build configuration list for PBXProject "tei_test2" */ = {
			isa = XCConfigurationList;
			buildConfigurations = (
				8B3E04C515CBC79F00C8B9AD /* Debug */,
				8B3E04C615CBC79F00C8B9AD /* Release */,
				8BE4E78815D0B03900A0CACC /* Distribution */,
				8BE4E78B15D0B06100A0CACC /* AdHoc */,
			);
			defaultConfigurationIsVisible = 0;
			defaultConfigurationName = Distribution;
		};
		8B3E04C715CBC79F00C8B9AD /* Build configuration list for PBXNativeTarget "tei_test2" */ = {
			isa = XCConfigurationList;
			buildConfigurations = (
				8B3E04C815CBC79F00C8B9AD /* Debug */,
				8B3E04C915CBC79F00C8B9AD /* Release */,
				8BE4E78915D0B03900A0CACC /* Distribution */,
				8BE4E78C15D0B06100A0CACC /* AdHoc */,
			);
			defaultConfigurationIsVisible = 0;
			defaultConfigurationName = Distribution;
		};
		8B3E04CA15CBC79F00C8B9AD /* Build configuration list for PBXNativeTarget "tei_test2Tests" */ = {
			isa = XCConfigurationList;
			buildConfigurations = (
				8B3E04CB15CBC79F00C8B9AD /* Debug */,
				8B3E04CC15CBC79F00C8B9AD /* Release */,
				8BE4E78A15D0B03900A0CACC /* Distribution */,
				8BE4E78D15D0B06100A0CACC /* AdHoc */,
			);
			defaultConfigurationIsVisible = 0;
			defaultConfigurationName = Distribution;
		};
/* End XCConfigurationList section */
	};
	rootObject = 8B3E048B15CBC79E00C8B9AD /* Project object */;
}
